<?xml version="1.0" encoding="UTF-8" standalone="yes" ?>
<CodeBlocks_project_file>
	<FileVersion major="1" minor="6" />
	<Project>
		<Option title="Kaleidoscope_BETA" />
		<Option makefile="makefile" />
		<Option pch_mode="2" />
		<Option compiler="gcc" />
		<Option virtualFolders="addons\;src\;addons\ofxVectorGraphics\libs\;addons\ofxVectorGraphics\src\;addons\ofxXmlSettings\libs\;addons\ofxXmlSettings\src\;src\GRAVITATOR\;src\ASTRONAUT\;src\DECOR\;src\SHELL\;src\SHELL\GUI\;addons\ofxSpriteSheetRenderer\;addons\ofxSpriteSheetRenderer\src\;addons\ofxSpriteSheetRenderer\utils\;src\SCREENS\;" />
		<Build>
			<Target title="release">
				<Option output="bin\$(PROJECT_NAME)" prefix_auto="1" extension_auto="1" />
				<Option working_dir="bin" />
				<Option object_output="obj\release" />
				<Option external_deps="..\..\..\libs\openFrameworksCompiled\lib\win_cb\openFrameworks.lib;" />
				<Option type="1" />
				<Option compiler="gcc" />
				<Option projectLinkerOptionsRelation="2" />
				<Compiler>
					<Add option="-O2" />
				</Compiler>
				<Linker>
					<Add option="-s" />
					<Add option="../../../libs/openFrameworksCompiled/lib/win_cb/openFrameworks.lib" />
				</Linker>
			</Target>
			<Target title="debug">
				<Option output="bin\$(PROJECT_NAME)_DEBUG" prefix_auto="1" extension_auto="1" />
				<Option working_dir="bin" />
				<Option object_output="obj\debug\" />
				<Option external_deps="..\..\..\libs\openFrameworksCompiled\lib\win_cb\openFrameworksDebug.lib;" />
				<Option type="1" />
				<Option compiler="gcc" />
				<Option projectLinkerOptionsRelation="2" />
				<Compiler>
					<Add option="-g" />
				</Compiler>
				<Linker>
					<Add option="../../../libs/openFrameworksCompiled/lib/win_cb/openFrameworksDebug.lib" />
				</Linker>
			</Target>
		</Build>
		<Compiler>
			<Add option="-Wno-multichar" />
			<Add directory="..\..\..\libs\glu\include" />
			<Add directory="..\..\..\libs\freetype\include" />
			<Add directory="..\..\..\libs\freetype\include\freetype2" />
			<Add directory="..\..\..\libs\FreeImage\include" />
			<Add directory="..\..\..\libs\quicktime\include" />
			<Add directory="..\..\..\libs\rtAudio\include" />
			<Add directory="..\..\..\libs\fmodex\include" />
			<Add directory="..\..\..\libs\videoInput\include" />
			<Add directory="..\..\..\libs\glew\include" />
			<Add directory="..\..\..\libs\glut\include" />
			<Add directory="..\..\..\libs\openFrameworks" />
			<Add directory="..\..\..\libs\openFrameworks\3d" />
			<Add directory="..\..\..\libs\openFrameworks\app" />
			<Add directory="..\..\..\libs\openFrameworks\communication" />
			<Add directory="..\..\..\libs\openFrameworks\events" />
			<Add directory="..\..\..\libs\openFrameworks\gl" />
			<Add directory="..\..\..\libs\openFrameworks\graphics" />
			<Add directory="..\..\..\libs\openFrameworks\math" />
			<Add directory="..\..\..\libs\openFrameworks\sound" />
			<Add directory="..\..\..\libs\openFrameworks\types" />
			<Add directory="..\..\..\libs\openFrameworks\utils" />
			<Add directory="..\..\..\libs\openFrameworks\video" />
			<Add directory="..\..\..\libs\poco\include" />
			<Add directory="..\..\..\libs\tess2\include" />
			<Add directory="..\..\..\libs\cairo\include\cairo" />
			<Add directory="..\..\..\addons\ofxVectorGraphics\libs" />
			<Add directory="..\..\..\addons\ofxVectorGraphics\src" />
			<Add directory="..\..\..\addons\ofxXmlSettings\libs" />
			<Add directory="..\..\..\addons\ofxXmlSettings\src" />
			<Add directory="..\..\..\addons\stfj-ofxSpriteSheetRenderer-100b010\src" />
		</Compiler>
		<Linker>
			<Add library="..\..\..\libs\FreeImage\lib\win_cb\FreeImage.lib" />
			<Add library="..\..\..\libs\rtAudio\lib\win_cb\librtaudio.a" />
			<Add library="..\..\..\libs\quicktime\lib\win_cb\qtmlClient.lib" />
			<Add library="..\..\..\libs\cairo\lib\win_cb\libcairo.a" />
			<Add library="..\..\..\libs\cairo\lib\win_cb\libpixman-1.a" />
			<Add library="..\..\..\libs\freetype\lib\win_cb\libfreetype.a" />
			<Add library="..\..\..\libs\glut\lib\win_cb\libglut.a" />
			<Add library="..\..\..\libs\videoInput\lib\win_cb\videoInputLib.a" />
			<Add library="..\..\..\libs\fmodex\lib\win_cb\libfmodex.a" />
			<Add library="..\..\..\libs\glew\lib\win_cb\glew32s.lib" />
			<Add library="..\..\..\libs\glu\lib\win_cb\glu32.lib" />
			<Add library="..\..\..\libs\poco\lib\win_cb\libPocoNet.a" />
			<Add library="..\..\..\libs\poco\lib\win_cb\libPocoUtil.a" />
			<Add library="..\..\..\libs\poco\lib\win_cb\libPocoXML.a" />
			<Add library="..\..\..\libs\poco\lib\win_cb\libPocoFoundation.a" />
			<Add library="..\..\..\libs\tess2\lib\win_cb\libtess2.a" />
			<Add library="opengl32" />
			<Add library="gdi32" />
			<Add library="msimg32" />
			<Add library="glu32" />
			<Add library="dsound" />
			<Add library="winmm" />
			<Add library="dxguid" />
			<Add library="strmbase" />
			<Add library="strmiids" />
			<Add library="z" />
			<Add library="uuid" />
			<Add library="ole32" />
			<Add library="oleaut32" />
			<Add library="setupapi" />
			<Add library="wsock32" />
			<Add library="ws2_32" />
			<Add library="Iphlpapi" />
			<Add library="Comdlg32" />
		</Linker>
		<ExtraCommands>
			<Add after='xcopy /e /i /y &quot;$(PROJECT_DIR)..\..\..\export\win_cb\*.dll&quot;  &quot;$(PROJECT_DIR)bin&quot;' />
			<Add after='cmd /c if not exist &quot;$(PROJECT_DIR)bin/data&quot; mkdir &quot;$(PROJECT_DIR)bin/data&quot;' />
			<Mode after="always" />
		</ExtraCommands>
		<Unit filename="..\..\..\addons\ofxVectorGraphics\libs\CreEPS.cpp">
			<Option virtualFolder="addons\ofxVectorGraphics\libs" />
		</Unit>
		<Unit filename="..\..\..\addons\ofxVectorGraphics\libs\CreEPS.hpp">
			<Option virtualFolder="addons\ofxVectorGraphics\libs" />
		</Unit>
		<Unit filename="..\..\..\addons\ofxVectorGraphics\libs\CreEPS_Types.hpp">
			<Option virtualFolder="addons\ofxVectorGraphics\libs" />
		</Unit>
		<Unit filename="..\..\..\addons\ofxVectorGraphics\src\ofxVectorGraphics.cpp">
			<Option virtualFolder="addons\ofxVectorGraphics\src" />
		</Unit>
		<Unit filename="..\..\..\addons\ofxVectorGraphics\src\ofxVectorGraphics.h">
			<Option virtualFolder="addons\ofxVectorGraphics\src" />
		</Unit>
		<Unit filename="..\..\..\addons\ofxXmlSettings\libs\tinyxml.cpp">
			<Option virtualFolder="addons\ofxXmlSettings\libs" />
		</Unit>
		<Unit filename="..\..\..\addons\ofxXmlSettings\libs\tinyxml.h">
			<Option virtualFolder="addons\ofxXmlSettings\libs" />
		</Unit>
		<Unit filename="..\..\..\addons\ofxXmlSettings\libs\tinyxmlerror.cpp">
			<Option virtualFolder="addons\ofxXmlSettings\libs" />
		</Unit>
		<Unit filename="..\..\..\addons\ofxXmlSettings\libs\tinyxmlparser.cpp">
			<Option virtualFolder="addons\ofxXmlSettings\libs" />
		</Unit>
		<Unit filename="..\..\..\addons\ofxXmlSettings\src\ofxXmlSettings.cpp">
			<Option virtualFolder="addons\ofxXmlSettings\src" />
		</Unit>
		<Unit filename="..\..\..\addons\ofxXmlSettings\src\ofxXmlSettings.h">
			<Option virtualFolder="addons\ofxXmlSettings\src" />
		</Unit>
		<Unit filename="..\..\..\addons\stfj-ofxSpriteSheetRenderer-100b010\src\CollageTexture.cpp">
			<Option virtualFolder="addons\ofxSpriteSheetRenderer\src\" />
		</Unit>
		<Unit filename="..\..\..\addons\stfj-ofxSpriteSheetRenderer-100b010\src\CollageTexture.h">
			<Option virtualFolder="addons\ofxSpriteSheetRenderer\src\" />
		</Unit>
		<Unit filename="..\..\..\addons\stfj-ofxSpriteSheetRenderer-100b010\src\LinearTexture.cpp">
			<Option virtualFolder="addons\ofxSpriteSheetRenderer\src\" />
		</Unit>
		<Unit filename="..\..\..\addons\stfj-ofxSpriteSheetRenderer-100b010\src\LinearTexture.h">
			<Option virtualFolder="addons\ofxSpriteSheetRenderer\src\" />
		</Unit>
		<Unit filename="..\..\..\addons\stfj-ofxSpriteSheetRenderer-100b010\src\PixelTexture.cpp">
			<Option virtualFolder="addons\ofxSpriteSheetRenderer\src\" />
		</Unit>
		<Unit filename="..\..\..\addons\stfj-ofxSpriteSheetRenderer-100b010\src\PixelTexture.h">
			<Option virtualFolder="addons\ofxSpriteSheetRenderer\src\" />
		</Unit>
		<Unit filename="..\..\..\addons\stfj-ofxSpriteSheetRenderer-100b010\src\ofxSpriteSheetRenderer.cpp">
			<Option virtualFolder="addons\ofxSpriteSheetRenderer\src\" />
		</Unit>
		<Unit filename="..\..\..\addons\stfj-ofxSpriteSheetRenderer-100b010\src\ofxSpriteSheetRenderer.h">
			<Option virtualFolder="addons\ofxSpriteSheetRenderer\src\" />
		</Unit>
		<Unit filename="src\Astronaut.cpp">
			<Option virtualFolder="src\ASTRONAUT\" />
		</Unit>
		<Unit filename="src\Astronaut.h">
			<Option virtualFolder="src\ASTRONAUT\" />
		</Unit>
		<Unit filename="src\BlackHole.cpp">
			<Option virtualFolder="src\GRAVITATOR\" />
		</Unit>
		<Unit filename="src\BlackHole.h">
			<Option virtualFolder="src\GRAVITATOR\" />
		</Unit>
		<Unit filename="src\Comet.cpp">
			<Option virtualFolder="src\GRAVITATOR\" />
		</Unit>
		<Unit filename="src\Comet.h">
			<Option virtualFolder="src\GRAVITATOR\" />
		</Unit>
		<Unit filename="src\Decor.cpp">
			<Option virtualFolder="src\DECOR\" />
		</Unit>
		<Unit filename="src\Decor.h">
			<Option virtualFolder="src\DECOR\" />
		</Unit>
		<Unit filename="src\GUI.cpp">
			<Option virtualFolder="src\SHELL\GUI\" />
		</Unit>
		<Unit filename="src\GUI.h">
			<Option virtualFolder="src\SHELL\GUI\" />
		</Unit>
		<Unit filename="src\GUIFadeIn.cpp">
			<Option virtualFolder="src\SHELL\GUI\" />
		</Unit>
		<Unit filename="src\GUIFadeIn.h">
			<Option virtualFolder="src\SHELL\GUI\" />
		</Unit>
		<Unit filename="src\GUIFadeOut.cpp">
			<Option virtualFolder="src\SHELL\GUI\" />
		</Unit>
		<Unit filename="src\GUIFadeOut.h">
			<Option virtualFolder="src\SHELL\GUI\" />
		</Unit>
		<Unit filename="src\GUIOverlay.cpp">
			<Option virtualFolder="src\SHELL\GUI\" />
		</Unit>
		<Unit filename="src\GUIOverlay.h">
			<Option virtualFolder="src\SHELL\GUI\" />
		</Unit>
		<Unit filename="src\GameObject.cpp">
			<Option virtualFolder="src\" />
		</Unit>
		<Unit filename="src\GameObject.h">
			<Option virtualFolder="src\" />
		</Unit>
		<Unit filename="src\GameScreen.cpp">
			<Option virtualFolder="src\SCREENS\" />
		</Unit>
		<Unit filename="src\GameScreen.h">
			<Option virtualFolder="src\SCREENS\" />
		</Unit>
		<Unit filename="src\Gravitator.cpp">
			<Option virtualFolder="src\GRAVITATOR\" />
		</Unit>
		<Unit filename="src\Gravitator.h">
			<Option virtualFolder="src\GRAVITATOR\" />
		</Unit>
		<Unit filename="src\Gravitator.h.save" />
		<Unit filename="src\LevelEditor.cpp">
			<Option virtualFolder="src\SHELL\GUI\" />
		</Unit>
		<Unit filename="src\LevelEditor.h">
			<Option virtualFolder="src\SHELL\GUI\" />
		</Unit>
		<Unit filename="src\MenuScreen.cpp">
			<Option virtualFolder="src\SCREENS\" />
		</Unit>
		<Unit filename="src\MenuScreen.h">
			<Option virtualFolder="src\SCREENS\" />
		</Unit>
		<Unit filename="src\Message.cpp">
			<Option virtualFolder="src\SHELL\GUI\" />
		</Unit>
		<Unit filename="src\Message.h">
			<Option virtualFolder="src\SHELL\GUI\" />
		</Unit>
		<Unit filename="src\Nonsolid.cpp">
			<Option virtualFolder="src\DECOR\" />
		</Unit>
		<Unit filename="src\Nonsolid.h">
			<Option virtualFolder="src\DECOR\" />
		</Unit>
		<Unit filename="src\Planet.cpp">
			<Option virtualFolder="src\GRAVITATOR\" />
		</Unit>
		<Unit filename="src\Planet.h">
			<Option virtualFolder="src\GRAVITATOR\" />
		</Unit>
		<Unit filename="src\Player.cpp">
			<Option virtualFolder="src\ASTRONAUT\" />
		</Unit>
		<Unit filename="src\Player.h">
			<Option virtualFolder="src\ASTRONAUT\" />
		</Unit>
		<Unit filename="src\Screen.cpp">
			<Option virtualFolder="src\SCREENS\" />
		</Unit>
		<Unit filename="src\Screen.h">
			<Option virtualFolder="src\SCREENS\" />
		</Unit>
		<Unit filename="src\Shell.cpp">
			<Option virtualFolder="src\SHELL\" />
		</Unit>
		<Unit filename="src\Shell.h">
			<Option virtualFolder="src\SHELL\" />
		</Unit>
		<Unit filename="src\Solid.cpp">
			<Option virtualFolder="src\DECOR\" />
		</Unit>
		<Unit filename="src\Solid.h">
			<Option virtualFolder="src\DECOR\" />
		</Unit>
		<Unit filename="src\StrandedAstronaut.cpp">
			<Option virtualFolder="src\ASTRONAUT\" />
		</Unit>
		<Unit filename="src\StrandedAstronaut.h">
			<Option virtualFolder="src\ASTRONAUT\" />
		</Unit>
		<Unit filename="src\Sun.cpp">
			<Option virtualFolder="src\GRAVITATOR\" />
		</Unit>
		<Unit filename="src\Sun.h">
			<Option virtualFolder="src\GRAVITATOR\" />
		</Unit>
		<Unit filename="src\main.cpp">
			<Option virtualFolder="src" />
		</Unit>
		<Unit filename="src\testApp.cpp">
			<Option virtualFolder="src\" />
		</Unit>
		<Unit filename="src\testApp.h">
			<Option virtualFolder="src\" />
		</Unit>
		<Extensions>
			<code_completion />
			<debugger />
			<envvars />
			<wxsmith version="1">
				<gui name="wxWidgets" src="" main="" init_handlers="necessary" language="CPP" />
			</wxsmith>
		</Extensions>
	</Project>
</CodeBlocks_project_file>
